
Microsoft Visual Studio Solution File, Format Version 12.00
# Visual Studio Version 16
VisualStudioVersion = 16.0.31729.503
MinimumVisualStudioVersion = 10.0.40219.1
Project("{2150E333-8FDC-42A3-9474-1A3956D46DE8}") = "Services", "Services", "{95B1D9B1-AC4C-4374-9CEF-C6D788D8147E}"
EndProject
Project("{2150E333-8FDC-42A3-9474-1A3956D46DE8}") = "Catalog", "Catalog", "{BB1DCD19-1D48-4266-A740-BF650CB7C8A2}"
EndProject
Project("{9A19103F-16F7-4668-BE54-9A1E7A4F7556}") = "Catalog.API", "Services\Catalog\Catalog.API\Catalog.API.csproj", "{9CC7888D-63B9-4831-B418-090D2172D8CD}"
EndProject
Project("{E53339B2-1760-4266-BCC7-CA923CBCF16C}") = "docker-compose", "docker-compose.dcproj", "{56241B96-0FCA-4F92-9E62-FE236288ADA1}"
EndProject
Global
	GlobalSection(SolutionConfigurationPlatforms) = preSolution
		Debug|Any CPU = Debug|Any CPU
		Release|Any CPU = Release|Any CPU
	EndGlobalSection
	GlobalSection(ProjectConfigurationPlatforms) = postSolution
		{9CC7888D-63B9-4831-B418-090D2172D8CD}.Debug|Any CPU.ActiveCfg = Debug|Any CPU
		{9CC7888D-63B9-4831-B418-090D2172D8CD}.Debug|Any CPU.Build.0 = Debug|Any CPU
		{9CC7888D-63B9-4831-B418-090D2172D8CD}.Release|Any CPU.ActiveCfg = Release|Any CPU
		{9CC7888D-63B9-4831-B418-090D2172D8CD}.Release|Any CPU.Build.0 = Release|Any CPU
		{56241B96-0FCA-4F92-9E62-FE236288ADA1}.Debug|Any CPU.ActiveCfg = Debug|Any CPU
		{56241B96-0FCA-4F92-9E62-FE236288ADA1}.Debug|Any CPU.Build.0 = Debug|Any CPU
		{56241B96-0FCA-4F92-9E62-FE236288ADA1}.Release|Any CPU.ActiveCfg = Release|Any CPU
		{56241B96-0FCA-4F92-9E62-FE236288ADA1}.Release|Any CPU.Build.0 = Release|Any CPU
	EndGlobalSection
	GlobalSection(SolutionProperties) = preSolution
		HideSolutionNode = FALSE
	EndGlobalSection
	GlobalSection(NestedProjects) = preSolution
		{BB1DCD19-1D48-4266-A740-BF650CB7C8A2} = {95B1D9B1-AC4C-4374-9CEF-C6D788D8147E}
		{9CC7888D-63B9-4831-B418-090D2172D8CD} = {BB1DCD19-1D48-4266-A740-BF650CB7C8A2}
	EndGlobalSection
	GlobalSection(ExtensibilityGlobals) = postSolution
		SolutionGuid = {2593247E-412C-440A-B639-5A0911C63B6D}
	EndGlobalSection
EndGlobal
